
Microsoft Visual Studio Solution File, Format Version 12.00
Project("{FAE04EC0-301F-11D3-BF4B-00C04F79EFBC}") = "BasicCsharpTest", "BasicCsharpTest\BasicCsharpTest.csproj", "{5035DB29-D5F6-4D68-B2CD-CBE4E51B1FB0}"
EndProject
Project("{FAE04EC0-301F-11D3-BF4B-00C04F79EFBC}") = "DryIocTest", "DryIocTest\DryIocTest.csproj", "{2519A3D7-0925-47C2-BB59-3930152FD824}"
EndProject
Project("{FAE04EC0-301F-11D3-BF4B-00C04F79EFBC}") = "ZxingQrTest", "ZxingQrTest\ZxingQrTest.csproj", "{D2967CE3-CE36-4BEA-967C-5156A1081C13}"
EndProject
Project("{FAE04EC0-301F-11D3-BF4B-00C04F79EFBC}") = "FluentResultsTest", "FluentResultsTest\FluentResultsTest.csproj", "{90C3FF9F-295D-40C3-98CC-72BECD4453EC}"
EndProject
Project("{F2A71F9B-5D33-465A-A702-920D77279786}") = "FSharp", "FSharp\FSharp.fsproj", "{6477BA03-91E9-4677-A7A0-3F5D8B08A2CF}"
EndProject
Project("{FAE04EC0-301F-11D3-BF4B-00C04F79EFBC}") = "EFTest", "EFTest\EFTest.csproj", "{E0EAD366-1E98-43FE-80ED-7F68817842CE}"
EndProject
Project("{FAE04EC0-301F-11D3-BF4B-00C04F79EFBC}") = "RazorErrorHandling", "RazorErrorHandling\RazorErrorHandling.csproj", "{88F87C78-D535-49A0-8A69-0D91A9ACD5F8}"
EndProject
Global
	GlobalSection(SolutionConfigurationPlatforms) = preSolution
		Debug|Any CPU = Debug|Any CPU
		Release|Any CPU = Release|Any CPU
	EndGlobalSection
	GlobalSection(ProjectConfigurationPlatforms) = postSolution
		{5035DB29-D5F6-4D68-B2CD-CBE4E51B1FB0}.Debug|Any CPU.ActiveCfg = Debug|Any CPU
		{5035DB29-D5F6-4D68-B2CD-CBE4E51B1FB0}.Debug|Any CPU.Build.0 = Debug|Any CPU
		{5035DB29-D5F6-4D68-B2CD-CBE4E51B1FB0}.Release|Any CPU.ActiveCfg = Release|Any CPU
		{5035DB29-D5F6-4D68-B2CD-CBE4E51B1FB0}.Release|Any CPU.Build.0 = Release|Any CPU
		{2519A3D7-0925-47C2-BB59-3930152FD824}.Debug|Any CPU.ActiveCfg = Debug|Any CPU
		{2519A3D7-0925-47C2-BB59-3930152FD824}.Debug|Any CPU.Build.0 = Debug|Any CPU
		{2519A3D7-0925-47C2-BB59-3930152FD824}.Release|Any CPU.ActiveCfg = Release|Any CPU
		{2519A3D7-0925-47C2-BB59-3930152FD824}.Release|Any CPU.Build.0 = Release|Any CPU
		{D2967CE3-CE36-4BEA-967C-5156A1081C13}.Debug|Any CPU.ActiveCfg = Debug|Any CPU
		{D2967CE3-CE36-4BEA-967C-5156A1081C13}.Debug|Any CPU.Build.0 = Debug|Any CPU
		{D2967CE3-CE36-4BEA-967C-5156A1081C13}.Release|Any CPU.ActiveCfg = Release|Any CPU
		{D2967CE3-CE36-4BEA-967C-5156A1081C13}.Release|Any CPU.Build.0 = Release|Any CPU
		{90C3FF9F-295D-40C3-98CC-72BECD4453EC}.Debug|Any CPU.ActiveCfg = Debug|Any CPU
		{90C3FF9F-295D-40C3-98CC-72BECD4453EC}.Debug|Any CPU.Build.0 = Debug|Any CPU
		{90C3FF9F-295D-40C3-98CC-72BECD4453EC}.Release|Any CPU.ActiveCfg = Release|Any CPU
		{90C3FF9F-295D-40C3-98CC-72BECD4453EC}.Release|Any CPU.Build.0 = Release|Any CPU
		{6477BA03-91E9-4677-A7A0-3F5D8B08A2CF}.Debug|Any CPU.ActiveCfg = Debug|Any CPU
		{6477BA03-91E9-4677-A7A0-3F5D8B08A2CF}.Debug|Any CPU.Build.0 = Debug|Any CPU
		{6477BA03-91E9-4677-A7A0-3F5D8B08A2CF}.Release|Any CPU.ActiveCfg = Release|Any CPU
		{6477BA03-91E9-4677-A7A0-3F5D8B08A2CF}.Release|Any CPU.Build.0 = Release|Any CPU
		{E0EAD366-1E98-43FE-80ED-7F68817842CE}.Debug|Any CPU.ActiveCfg = Debug|Any CPU
		{E0EAD366-1E98-43FE-80ED-7F68817842CE}.Debug|Any CPU.Build.0 = Debug|Any CPU
		{E0EAD366-1E98-43FE-80ED-7F68817842CE}.Release|Any CPU.ActiveCfg = Release|Any CPU
		{E0EAD366-1E98-43FE-80ED-7F68817842CE}.Release|Any CPU.Build.0 = Release|Any CPU
		{88F87C78-D535-49A0-8A69-0D91A9ACD5F8}.Debug|Any CPU.ActiveCfg = Debug|Any CPU
		{88F87C78-D535-49A0-8A69-0D91A9ACD5F8}.Debug|Any CPU.Build.0 = Debug|Any CPU
		{88F87C78-D535-49A0-8A69-0D91A9ACD5F8}.Release|Any CPU.ActiveCfg = Release|Any CPU
		{88F87C78-D535-49A0-8A69-0D91A9ACD5F8}.Release|Any CPU.Build.0 = Release|Any CPU
	EndGlobalSection
EndGlobal
